// !$*UTF8*$!
{
	archiveVersion = 1;
	classes = {
	};
	objectVersion = 51;
	objects = {

/* Begin PBXBuildFile section */
		9603CB0925DCE2B800C327FB /* Extensions.swift in Sources */ = {isa = PBXBuildFile; fileRef = 9603CB0825DCE2B800C327FB /* Extensions.swift */; };
		960B9F8E25E60E2C00FFEF80 /* NewReleasesCellViewModel.swift in Sources */ = {isa = PBXBuildFile; fileRef = 960B9F8D25E60E2C00FFEF80 /* NewReleasesCellViewModel.swift */; };
		96211FF325EB8FD400F2FF01 /* TitleHeaderCollectionReusableView.swift in Sources */ = {isa = PBXBuildFile; fileRef = 96211FF225EB8FD400F2FF01 /* TitleHeaderCollectionReusableView.swift */; };
		96211FF625EB94D500F2FF01 /* AlbumTrackCollectionViewCell.swift in Sources */ = {isa = PBXBuildFile; fileRef = 96211FF525EB94D500F2FF01 /* AlbumTrackCollectionViewCell.swift */; };
		96211FF925EB95D600F2FF01 /* AlbumCollectionViewCellViewModel.swift in Sources */ = {isa = PBXBuildFile; fileRef = 96211FF825EB95D600F2FF01 /* AlbumCollectionViewCellViewModel.swift */; };
		9647D1C425DE3B8800004710 /* AuthResponse.swift in Sources */ = {isa = PBXBuildFile; fileRef = 9647D1C325DE3B8800004710 /* AuthResponse.swift */; };
		9649DFAB25E77013002EF3AB /* FeaturedPlaylistCellViewModel.swift in Sources */ = {isa = PBXBuildFile; fileRef = 9649DFAA25E77013002EF3AB /* FeaturedPlaylistCellViewModel.swift */; };
		9649DFAE25E77046002EF3AB /* RecommendedTrackCellViewModel.swift in Sources */ = {isa = PBXBuildFile; fileRef = 9649DFAD25E77046002EF3AB /* RecommendedTrackCellViewModel.swift */; };
		96999FFD25DC1BF3002D086A /* TabBarViewController.swift in Sources */ = {isa = PBXBuildFile; fileRef = 96999FFC25DC1BF3002D086A /* TabBarViewController.swift */; };
		9699A00025DC1C67002D086A /* SearchViewController.swift in Sources */ = {isa = PBXBuildFile; fileRef = 96999FFF25DC1C67002D086A /* SearchViewController.swift */; };
		9699A00425DC1CBA002D086A /* LibraryViewController.swift in Sources */ = {isa = PBXBuildFile; fileRef = 9699A00325DC1CBA002D086A /* LibraryViewController.swift */; };
		9699A00B25DC1E57002D086A /* AuthViewController.swift in Sources */ = {isa = PBXBuildFile; fileRef = 9699A00A25DC1E57002D086A /* AuthViewController.swift */; };
		9699A00E25DC1E5D002D086A /* WelcomeViewController.swift in Sources */ = {isa = PBXBuildFile; fileRef = 9699A00D25DC1E5D002D086A /* WelcomeViewController.swift */; };
		9699A01125DC1E6E002D086A /* SettingsViewController.swift in Sources */ = {isa = PBXBuildFile; fileRef = 9699A01025DC1E6E002D086A /* SettingsViewController.swift */; };
		9699A01425DC1E73002D086A /* ProfileViewController.swift in Sources */ = {isa = PBXBuildFile; fileRef = 9699A01325DC1E73002D086A /* ProfileViewController.swift */; };
		9699A01725DC1E98002D086A /* PlayerViewController.swift in Sources */ = {isa = PBXBuildFile; fileRef = 9699A01625DC1E98002D086A /* PlayerViewController.swift */; };
		9699A01A25DC1EA5002D086A /* PlaylistViewController.swift in Sources */ = {isa = PBXBuildFile; fileRef = 9699A01925DC1EA5002D086A /* PlaylistViewController.swift */; };
		9699A01D25DC1ED2002D086A /* SearchResultsViewController.swift in Sources */ = {isa = PBXBuildFile; fileRef = 9699A01C25DC1ED2002D086A /* SearchResultsViewController.swift */; };
		9699A02025DC1F0E002D086A /* AuthManager.swift in Sources */ = {isa = PBXBuildFile; fileRef = 9699A01F25DC1F0E002D086A /* AuthManager.swift */; };
		9699A02325DC1F1E002D086A /* ApiManager.swift in Sources */ = {isa = PBXBuildFile; fileRef = 9699A02225DC1F1E002D086A /* ApiManager.swift */; };
		9699A02625DC1F44002D086A /* HapticsManager.swift in Sources */ = {isa = PBXBuildFile; fileRef = 9699A02525DC1F44002D086A /* HapticsManager.swift */; };
		9699A02925DC1F84002D086A /* Playlist.swift in Sources */ = {isa = PBXBuildFile; fileRef = 9699A02825DC1F84002D086A /* Playlist.swift */; };
		9699A02C25DC1F8F002D086A /* AudioTrack.swift in Sources */ = {isa = PBXBuildFile; fileRef = 9699A02B25DC1F8F002D086A /* AudioTrack.swift */; };
		9699A02F25DC1F97002D086A /* Artist.swift in Sources */ = {isa = PBXBuildFile; fileRef = 9699A02E25DC1F97002D086A /* Artist.swift */; };
		9699A03225DC1F9D002D086A /* UserProfile.swift in Sources */ = {isa = PBXBuildFile; fileRef = 9699A03125DC1F9D002D086A /* UserProfile.swift */; };
		969F4EC725DF8BCF009E7652 /* SettingsModels.swift in Sources */ = {isa = PBXBuildFile; fileRef = 969F4EC625DF8BCF009E7652 /* SettingsModels.swift */; };
		96B3824425E36391003BB993 /* RecommendationsResponse.swift in Sources */ = {isa = PBXBuildFile; fileRef = 96B3824325E36391003BB993 /* RecommendationsResponse.swift */; };
		96C1B17E25DC110900810DA1 /* AppDelegate.swift in Sources */ = {isa = PBXBuildFile; fileRef = 96C1B17D25DC110900810DA1 /* AppDelegate.swift */; };
		96C1B18025DC110900810DA1 /* SceneDelegate.swift in Sources */ = {isa = PBXBuildFile; fileRef = 96C1B17F25DC110900810DA1 /* SceneDelegate.swift */; };
		96C1B18225DC110900810DA1 /* HomeViewController.swift in Sources */ = {isa = PBXBuildFile; fileRef = 96C1B18125DC110900810DA1 /* HomeViewController.swift */; };
		96C1B18725DC110A00810DA1 /* Assets.xcassets in Resources */ = {isa = PBXBuildFile; fileRef = 96C1B18625DC110A00810DA1 /* Assets.xcassets */; };
		96C1B18A25DC110A00810DA1 /* LaunchScreen.storyboard in Resources */ = {isa = PBXBuildFile; fileRef = 96C1B18825DC110A00810DA1 /* LaunchScreen.storyboard */; };
		96C895AA25E4D42C0071A2E2 /* NewReleaseCollectionViewCell.swift in Sources */ = {isa = PBXBuildFile; fileRef = 96C895A925E4D42C0071A2E2 /* NewReleaseCollectionViewCell.swift */; };
		96C895AE25E4D44D0071A2E2 /* FeaturedPlaylistCollectionViewCell.swift in Sources */ = {isa = PBXBuildFile; fileRef = 96C895AD25E4D44D0071A2E2 /* FeaturedPlaylistCollectionViewCell.swift */; };
		96C895B125E4D4680071A2E2 /* RecommendedTrackCollectionViewCell.swift in Sources */ = {isa = PBXBuildFile; fileRef = 96C895B025E4D4680071A2E2 /* RecommendedTrackCollectionViewCell.swift */; };
		96DAF03525E22F3300E20D75 /* NewReleasesResponse.swift in Sources */ = {isa = PBXBuildFile; fileRef = 96DAF03425E22F3300E20D75 /* NewReleasesResponse.swift */; };
		96DAF03825E22FBF00E20D75 /* APIImage.swift in Sources */ = {isa = PBXBuildFile; fileRef = 96DAF03725E22FBF00E20D75 /* APIImage.swift */; };
		96DAF03B25E2315700E20D75 /* FeaturedPlaylistsResponse.swift in Sources */ = {isa = PBXBuildFile; fileRef = 96DAF03A25E2315700E20D75 /* FeaturedPlaylistsResponse.swift */; };
		96DAF03E25E234CF00E20D75 /* RecommendedGenresResponse.swift in Sources */ = {isa = PBXBuildFile; fileRef = 96DAF03D25E234CF00E20D75 /* RecommendedGenresResponse.swift */; };
		96DCC64C25EA7A2A006A5489 /* PlaylistHeaderCollectionReusableView.swift in Sources */ = {isa = PBXBuildFile; fileRef = 96DCC64B25EA7A2A006A5489 /* PlaylistHeaderCollectionReusableView.swift */; };
		96DCC64F25EA7D04006A5489 /* PlaylistHeaderViewViewModel.swift in Sources */ = {isa = PBXBuildFile; fileRef = 96DCC64E25EA7D04006A5489 /* PlaylistHeaderViewViewModel.swift */; };
		96F754DD25E8B06C00C2E52D /* AlbumViewController.swift in Sources */ = {isa = PBXBuildFile; fileRef = 96F754DC25E8B06C00C2E52D /* AlbumViewController.swift */; };
		96F754E025E8B44800C2E52D /* AlbumDetailsResponse.swift in Sources */ = {isa = PBXBuildFile; fileRef = 96F754DF25E8B44800C2E52D /* AlbumDetailsResponse.swift */; };
		96F754E325E8B6EA00C2E52D /* PlaylistDetailsResponse.swift in Sources */ = {isa = PBXBuildFile; fileRef = 96F754E225E8B6EA00C2E52D /* PlaylistDetailsResponse.swift */; };
		FD92A1527C66FB7112178AB2 /* Pods_Spotify.framework in Frameworks */ = {isa = PBXBuildFile; fileRef = 3AF7DDE4415160CFA8E4DAAB /* Pods_Spotify.framework */; };
/* End PBXBuildFile section */

/* Begin PBXFileReference section */
		012A1C147901C6B4390AA632 /* Pods-Spotify.release.xcconfig */ = {isa = PBXFileReference; includeInIndex = 1; lastKnownFileType = text.xcconfig; name = "Pods-Spotify.release.xcconfig"; path = "Target Support Files/Pods-Spotify/Pods-Spotify.release.xcconfig"; sourceTree = "<group>"; };
		048D40180C24F102BC3DB1F1 /* Pods-Spotify.debug.xcconfig */ = {isa = PBXFileReference; includeInIndex = 1; lastKnownFileType = text.xcconfig; name = "Pods-Spotify.debug.xcconfig"; path = "Target Support Files/Pods-Spotify/Pods-Spotify.debug.xcconfig"; sourceTree = "<group>"; };
		3AF7DDE4415160CFA8E4DAAB /* Pods_Spotify.framework */ = {isa = PBXFileReference; explicitFileType = wrapper.framework; includeInIndex = 0; path = Pods_Spotify.framework; sourceTree = BUILT_PRODUCTS_DIR; };
		9603CB0825DCE2B800C327FB /* Extensions.swift */ = {isa = PBXFileReference; lastKnownFileType = sourcecode.swift; path = Extensions.swift; sourceTree = "<group>"; };
		960B9F8D25E60E2C00FFEF80 /* NewReleasesCellViewModel.swift */ = {isa = PBXFileReference; lastKnownFileType = sourcecode.swift; path = NewReleasesCellViewModel.swift; sourceTree = "<group>"; };
		96211FF225EB8FD400F2FF01 /* TitleHeaderCollectionReusableView.swift */ = {isa = PBXFileReference; lastKnownFileType = sourcecode.swift; path = TitleHeaderCollectionReusableView.swift; sourceTree = "<group>"; };
		96211FF525EB94D500F2FF01 /* AlbumTrackCollectionViewCell.swift */ = {isa = PBXFileReference; lastKnownFileType = sourcecode.swift; path = AlbumTrackCollectionViewCell.swift; sourceTree = "<group>"; };
		96211FF825EB95D600F2FF01 /* AlbumCollectionViewCellViewModel.swift */ = {isa = PBXFileReference; lastKnownFileType = sourcecode.swift; path = AlbumCollectionViewCellViewModel.swift; sourceTree = "<group>"; };
		9647D1C325DE3B8800004710 /* AuthResponse.swift */ = {isa = PBXFileReference; lastKnownFileType = sourcecode.swift; path = AuthResponse.swift; sourceTree = "<group>"; };
		9649DFAA25E77013002EF3AB /* FeaturedPlaylistCellViewModel.swift */ = {isa = PBXFileReference; lastKnownFileType = sourcecode.swift; path = FeaturedPlaylistCellViewModel.swift; sourceTree = "<group>"; };
		9649DFAD25E77046002EF3AB /* RecommendedTrackCellViewModel.swift */ = {isa = PBXFileReference; lastKnownFileType = sourcecode.swift; path = RecommendedTrackCellViewModel.swift; sourceTree = "<group>"; };
		96999FFC25DC1BF3002D086A /* TabBarViewController.swift */ = {isa = PBXFileReference; lastKnownFileType = sourcecode.swift; path = TabBarViewController.swift; sourceTree = "<group>"; };
		96999FFF25DC1C67002D086A /* SearchViewController.swift */ = {isa = PBXFileReference; lastKnownFileType = sourcecode.swift; path = SearchViewController.swift; sourceTree = "<group>"; };
		9699A00325DC1CBA002D086A /* LibraryViewController.swift */ = {isa = PBXFileReference; lastKnownFileType = sourcecode.swift; path = LibraryViewController.swift; sourceTree = "<group>"; };
		9699A00A25DC1E57002D086A /* AuthViewController.swift */ = {isa = PBXFileReference; lastKnownFileType = sourcecode.swift; path = AuthViewController.swift; sourceTree = "<group>"; };
		9699A00D25DC1E5D002D086A /* WelcomeViewController.swift */ = {isa = PBXFileReference; lastKnownFileType = sourcecode.swift; path = WelcomeViewController.swift; sourceTree = "<group>"; };
		9699A01025DC1E6E002D086A /* SettingsViewController.swift */ = {isa = PBXFileReference; lastKnownFileType = sourcecode.swift; path = SettingsViewController.swift; sourceTree = "<group>"; };
		9699A01325DC1E73002D086A /* ProfileViewController.swift */ = {isa = PBXFileReference; lastKnownFileType = sourcecode.swift; path = ProfileViewController.swift; sourceTree = "<group>"; };
		9699A01625DC1E98002D086A /* PlayerViewController.swift */ = {isa = PBXFileReference; lastKnownFileType = sourcecode.swift; path = PlayerViewController.swift; sourceTree = "<group>"; };
		9699A01925DC1EA5002D086A /* PlaylistViewController.swift */ = {isa = PBXFileReference; lastKnownFileType = sourcecode.swift; path = PlaylistViewController.swift; sourceTree = "<group>"; };
		9699A01C25DC1ED2002D086A /* SearchResultsViewController.swift */ = {isa = PBXFileReference; lastKnownFileType = sourcecode.swift; path = SearchResultsViewController.swift; sourceTree = "<group>"; };
		9699A01F25DC1F0E002D086A /* AuthManager.swift */ = {isa = PBXFileReference; lastKnownFileType = sourcecode.swift; path = AuthManager.swift; sourceTree = "<group>"; };
		9699A02225DC1F1E002D086A /* ApiManager.swift */ = {isa = PBXFileReference; lastKnownFileType = sourcecode.swift; path = ApiManager.swift; sourceTree = "<group>"; };
		9699A02525DC1F44002D086A /* HapticsManager.swift */ = {isa = PBXFileReference; lastKnownFileType = sourcecode.swift; path = HapticsManager.swift; sourceTree = "<group>"; };
		9699A02825DC1F84002D086A /* Playlist.swift */ = {isa = PBXFileReference; lastKnownFileType = sourcecode.swift; path = Playlist.swift; sourceTree = "<group>"; };
		9699A02B25DC1F8F002D086A /* AudioTrack.swift */ = {isa = PBXFileReference; lastKnownFileType = sourcecode.swift; path = AudioTrack.swift; sourceTree = "<group>"; };
		9699A02E25DC1F97002D086A /* Artist.swift */ = {isa = PBXFileReference; lastKnownFileType = sourcecode.swift; path = Artist.swift; sourceTree = "<group>"; };
		9699A03125DC1F9D002D086A /* UserProfile.swift */ = {isa = PBXFileReference; lastKnownFileType = sourcecode.swift; path = UserProfile.swift; sourceTree = "<group>"; };
		969F4EC625DF8BCF009E7652 /* SettingsModels.swift */ = {isa = PBXFileReference; lastKnownFileType = sourcecode.swift; path = SettingsModels.swift; sourceTree = "<group>"; };
		96B3824325E36391003BB993 /* RecommendationsResponse.swift */ = {isa = PBXFileReference; lastKnownFileType = sourcecode.swift; path = RecommendationsResponse.swift; sourceTree = "<group>"; };
		96C1B17A25DC110900810DA1 /* Spotify.app */ = {isa = PBXFileReference; explicitFileType = wrapper.application; includeInIndex = 0; path = Spotify.app; sourceTree = BUILT_PRODUCTS_DIR; };
		96C1B17D25DC110900810DA1 /* AppDelegate.swift */ = {isa = PBXFileReference; lastKnownFileType = sourcecode.swift; path = AppDelegate.swift; sourceTree = "<group>"; };
		96C1B17F25DC110900810DA1 /* SceneDelegate.swift */ = {isa = PBXFileReference; lastKnownFileType = sourcecode.swift; path = SceneDelegate.swift; sourceTree = "<group>"; };
		96C1B18125DC110900810DA1 /* HomeViewController.swift */ = {isa = PBXFileReference; lastKnownFileType = sourcecode.swift; path = HomeViewController.swift; sourceTree = "<group>"; };
		96C1B18625DC110A00810DA1 /* Assets.xcassets */ = {isa = PBXFileReference; lastKnownFileType = folder.assetcatalog; path = Assets.xcassets; sourceTree = "<group>"; };
		96C1B18925DC110A00810DA1 /* Base */ = {isa = PBXFileReference; lastKnownFileType = file.storyboard; name = Base; path = Base.lproj/LaunchScreen.storyboard; sourceTree = "<group>"; };
		96C1B18B25DC110A00810DA1 /* Info.plist */ = {isa = PBXFileReference; lastKnownFileType = text.plist.xml; path = Info.plist; sourceTree = "<group>"; };
		96C895A925E4D42C0071A2E2 /* NewReleaseCollectionViewCell.swift */ = {isa = PBXFileReference; lastKnownFileType = sourcecode.swift; path = NewReleaseCollectionViewCell.swift; sourceTree = "<group>"; };
		96C895AD25E4D44D0071A2E2 /* FeaturedPlaylistCollectionViewCell.swift */ = {isa = PBXFileReference; lastKnownFileType = sourcecode.swift; path = FeaturedPlaylistCollectionViewCell.swift; sourceTree = "<group>"; };
		96C895B025E4D4680071A2E2 /* RecommendedTrackCollectionViewCell.swift */ = {isa = PBXFileReference; lastKnownFileType = sourcecode.swift; path = RecommendedTrackCollectionViewCell.swift; sourceTree = "<group>"; };
		96DAF03425E22F3300E20D75 /* NewReleasesResponse.swift */ = {isa = PBXFileReference; lastKnownFileType = sourcecode.swift; path = NewReleasesResponse.swift; sourceTree = "<group>"; };
		96DAF03725E22FBF00E20D75 /* APIImage.swift */ = {isa = PBXFileReference; lastKnownFileType = sourcecode.swift; path = APIImage.swift; sourceTree = "<group>"; };
		96DAF03A25E2315700E20D75 /* FeaturedPlaylistsResponse.swift */ = {isa = PBXFileReference; lastKnownFileType = sourcecode.swift; path = FeaturedPlaylistsResponse.swift; sourceTree = "<group>"; };
		96DAF03D25E234CF00E20D75 /* RecommendedGenresResponse.swift */ = {isa = PBXFileReference; lastKnownFileType = sourcecode.swift; path = RecommendedGenresResponse.swift; sourceTree = "<group>"; };
		96DCC64B25EA7A2A006A5489 /* PlaylistHeaderCollectionReusableView.swift */ = {isa = PBXFileReference; lastKnownFileType = sourcecode.swift; path = PlaylistHeaderCollectionReusableView.swift; sourceTree = "<group>"; };
		96DCC64E25EA7D04006A5489 /* PlaylistHeaderViewViewModel.swift */ = {isa = PBXFileReference; lastKnownFileType = sourcecode.swift; path = PlaylistHeaderViewViewModel.swift; sourceTree = "<group>"; };
		96F754DC25E8B06C00C2E52D /* AlbumViewController.swift */ = {isa = PBXFileReference; lastKnownFileType = sourcecode.swift; path = AlbumViewController.swift; sourceTree = "<group>"; };
		96F754DF25E8B44800C2E52D /* AlbumDetailsResponse.swift */ = {isa = PBXFileReference; lastKnownFileType = sourcecode.swift; path = AlbumDetailsResponse.swift; sourceTree = "<group>"; };
		96F754E225E8B6EA00C2E52D /* PlaylistDetailsResponse.swift */ = {isa = PBXFileReference; lastKnownFileType = sourcecode.swift; path = PlaylistDetailsResponse.swift; sourceTree = "<group>"; };
/* End PBXFileReference section */

/* Begin PBXFrameworksBuildPhase section */
		96C1B17725DC110900810DA1 /* Frameworks */ = {
			isa = PBXFrameworksBuildPhase;
			buildActionMask = 2147483647;
			files = (
				FD92A1527C66FB7112178AB2 /* Pods_Spotify.framework in Frameworks */,
			);
			runOnlyForDeploymentPostprocessing = 0;
		};
/* End PBXFrameworksBuildPhase section */

/* Begin PBXGroup section */
		460D219972904AAC390324B2 /* Frameworks */ = {
			isa = PBXGroup;
			children = (
				3AF7DDE4415160CFA8E4DAAB /* Pods_Spotify.framework */,
			);
			name = Frameworks;
			sourceTree = "<group>";
		};
		9699A00725DC1CEE002D086A /* Core */ = {
			isa = PBXGroup;
			children = (
				96999FFC25DC1BF3002D086A /* TabBarViewController.swift */,
				96C1B18125DC110900810DA1 /* HomeViewController.swift */,
				96999FFF25DC1C67002D086A /* SearchViewController.swift */,
				9699A00325DC1CBA002D086A /* LibraryViewController.swift */,
			);
			path = Core;
			sourceTree = "<group>";
		};
		9699A00925DC1D17002D086A /* Other */ = {
			isa = PBXGroup;
			children = (
				9699A00A25DC1E57002D086A /* AuthViewController.swift */,
				9699A01025DC1E6E002D086A /* SettingsViewController.swift */,
				9699A01325DC1E73002D086A /* ProfileViewController.swift */,
				9699A01625DC1E98002D086A /* PlayerViewController.swift */,
				9699A01925DC1EA5002D086A /* PlaylistViewController.swift */,
				9699A01C25DC1ED2002D086A /* SearchResultsViewController.swift */,
				9699A00D25DC1E5D002D086A /* WelcomeViewController.swift */,
				96F754DC25E8B06C00C2E52D /* AlbumViewController.swift */,
			);
			path = Other;
			sourceTree = "<group>";
		};
		96C1B17125DC110900810DA1 = {
			isa = PBXGroup;
			children = (
				96C1B17C25DC110900810DA1 /* Spotify */,
				96C1B17B25DC110900810DA1 /* Products */,
				B64CFFF1E5421B142EC2673A /* Pods */,
				460D219972904AAC390324B2 /* Frameworks */,
			);
			sourceTree = "<group>";
		};
		96C1B17B25DC110900810DA1 /* Products */ = {
			isa = PBXGroup;
			children = (
				96C1B17A25DC110900810DA1 /* Spotify.app */,
			);
			name = Products;
			sourceTree = "<group>";
		};
		96C1B17C25DC110900810DA1 /* Spotify */ = {
			isa = PBXGroup;
			children = (
				96C1B19725DC118400810DA1 /* Resources */,
				96C1B19625DC116600810DA1 /* Managers */,
				96C1B19525DC115F00810DA1 /* ViewModels */,
				96C1B19425DC115500810DA1 /* Models */,
				96C1B19325DC115100810DA1 /* Views */,
				96C1B19225DC114500810DA1 /* Controllers */,
				96C1B18B25DC110A00810DA1 /* Info.plist */,
			);
			path = Spotify;
			sourceTree = "<group>";
		};
		96C1B19225DC114500810DA1 /* Controllers */ = {
			isa = PBXGroup;
			children = (
				9699A00925DC1D17002D086A /* Other */,
				9699A00725DC1CEE002D086A /* Core */,
			);
			path = Controllers;
			sourceTree = "<group>";
		};
		96C1B19325DC115100810DA1 /* Views */ = {
			isa = PBXGroup;
			children = (
				96C895A825E4D4180071A2E2 /* Browse */,
				96C1B18825DC110A00810DA1 /* LaunchScreen.storyboard */,
				96DCC64B25EA7A2A006A5489 /* PlaylistHeaderCollectionReusableView.swift */,
				96211FF225EB8FD400F2FF01 /* TitleHeaderCollectionReusableView.swift */,
				96211FF525EB94D500F2FF01 /* AlbumTrackCollectionViewCell.swift */,
			);
			path = Views;
			sourceTree = "<group>";
		};
		96C1B19425DC115500810DA1 /* Models */ = {
			isa = PBXGroup;
			children = (
				9699A02825DC1F84002D086A /* Playlist.swift */,
				9699A02B25DC1F8F002D086A /* AudioTrack.swift */,
				9699A02E25DC1F97002D086A /* Artist.swift */,
				9699A03125DC1F9D002D086A /* UserProfile.swift */,
				9647D1C325DE3B8800004710 /* AuthResponse.swift */,
				969F4EC625DF8BCF009E7652 /* SettingsModels.swift */,
				96DAF03425E22F3300E20D75 /* NewReleasesResponse.swift */,
				96DAF03725E22FBF00E20D75 /* APIImage.swift */,
				96DAF03A25E2315700E20D75 /* FeaturedPlaylistsResponse.swift */,
				96DAF03D25E234CF00E20D75 /* RecommendedGenresResponse.swift */,
				96B3824325E36391003BB993 /* RecommendationsResponse.swift */,
				96F754DF25E8B44800C2E52D /* AlbumDetailsResponse.swift */,
				96F754E225E8B6EA00C2E52D /* PlaylistDetailsResponse.swift */,
			);
			path = Models;
			sourceTree = "<group>";
		};
		96C1B19525DC115F00810DA1 /* ViewModels */ = {
			isa = PBXGroup;
			children = (
				960B9F8D25E60E2C00FFEF80 /* NewReleasesCellViewModel.swift */,
				9649DFAA25E77013002EF3AB /* FeaturedPlaylistCellViewModel.swift */,
				9649DFAD25E77046002EF3AB /* RecommendedTrackCellViewModel.swift */,
				96211FF825EB95D600F2FF01 /* AlbumCollectionViewCellViewModel.swift */,
				96DCC64E25EA7D04006A5489 /* PlaylistHeaderViewViewModel.swift */,
			);
			path = ViewModels;
			sourceTree = "<group>";
		};
		96C1B19625DC116600810DA1 /* Managers */ = {
			isa = PBXGroup;
			children = (
				9699A01F25DC1F0E002D086A /* AuthManager.swift */,
				9699A02225DC1F1E002D086A /* ApiManager.swift */,
				9699A02525DC1F44002D086A /* HapticsManager.swift */,
			);
			path = Managers;
			sourceTree = "<group>";
		};
		96C1B19725DC118400810DA1 /* Resources */ = {
			isa = PBXGroup;
			children = (
				96C1B18625DC110A00810DA1 /* Assets.xcassets */,
				96C1B17D25DC110900810DA1 /* AppDelegate.swift */,
				96C1B17F25DC110900810DA1 /* SceneDelegate.swift */,
				9603CB0825DCE2B800C327FB /* Extensions.swift */,
			);
			path = Resources;
			sourceTree = "<group>";
		};
		96C895A825E4D4180071A2E2 /* Browse */ = {
			isa = PBXGroup;
			children = (
				96C895A925E4D42C0071A2E2 /* NewReleaseCollectionViewCell.swift */,
				96C895AD25E4D44D0071A2E2 /* FeaturedPlaylistCollectionViewCell.swift */,
				96C895B025E4D4680071A2E2 /* RecommendedTrackCollectionViewCell.swift */,
			);
			path = Browse;
			sourceTree = "<group>";
		};
		B64CFFF1E5421B142EC2673A /* Pods */ = {
			isa = PBXGroup;
			children = (
				048D40180C24F102BC3DB1F1 /* Pods-Spotify.debug.xcconfig */,
				012A1C147901C6B4390AA632 /* Pods-Spotify.release.xcconfig */,
			);
			path = Pods;
			sourceTree = "<group>";
		};
/* End PBXGroup section */

/* Begin PBXNativeTarget section */
		96C1B17925DC110900810DA1 /* Spotify */ = {
			isa = PBXNativeTarget;
			buildConfigurationList = 96C1B18E25DC110A00810DA1 /* Build configuration list for PBXNativeTarget "Spotify" */;
			buildPhases = (
				5A31D8402CC42E683FF51188 /* [CP] Check Pods Manifest.lock */,
				96C1B17625DC110900810DA1 /* Sources */,
				96C1B17725DC110900810DA1 /* Frameworks */,
				96C1B17825DC110900810DA1 /* Resources */,
				66E8BD3A909AFE477C895891 /* [CP] Embed Pods Frameworks */,
			);
			buildRules = (
			);
			dependencies = (
			);
			name = Spotify;
			productName = Spotify;
			productReference = 96C1B17A25DC110900810DA1 /* Spotify.app */;
			productType = "com.apple.product-type.application";
		};
/* End PBXNativeTarget section */

/* Begin PBXProject section */
		96C1B17225DC110900810DA1 /* Project object */ = {
			isa = PBXProject;
			attributes = {
				LastSwiftUpdateCheck = 1220;
				LastUpgradeCheck = 1220;
				TargetAttributes = {
					96C1B17925DC110900810DA1 = {
						CreatedOnToolsVersion = 12.2;
					};
				};
			};
			buildConfigurationList = 96C1B17525DC110900810DA1 /* Build configuration list for PBXProject "Spotify" */;
			compatibilityVersion = "Xcode 9.3";
			developmentRegion = en;
			hasScannedForEncodings = 0;
			knownRegions = (
				en,
				Base,
			);
			mainGroup = 96C1B17125DC110900810DA1;
			productRefGroup = 96C1B17B25DC110900810DA1 /* Products */;
			projectDirPath = "";
			projectRoot = "";
			targets = (
				96C1B17925DC110900810DA1 /* Spotify */,
			);
		};
/* End PBXProject section */

/* Begin PBXResourcesBuildPhase section */
		96C1B17825DC110900810DA1 /* Resources */ = {
			isa = PBXResourcesBuildPhase;
			buildActionMask = 2147483647;
			files = (
				96C1B18A25DC110A00810DA1 /* LaunchScreen.storyboard in Resources */,
				96C1B18725DC110A00810DA1 /* Assets.xcassets in Resources */,
			);
			runOnlyForDeploymentPostprocessing = 0;
		};
/* End PBXResourcesBuildPhase section */

/* Begin PBXShellScriptBuildPhase section */
		5A31D8402CC42E683FF51188 /* [CP] Check Pods Manifest.lock */ = {
			isa = PBXShellScriptBuildPhase;
			buildActionMask = 2147483647;
			files = (
			);
			inputFileListPaths = (
			);
			inputPaths = (
				"${PODS_PODFILE_DIR_PATH}/Podfile.lock",
				"${PODS_ROOT}/Manifest.lock",
			);
			name = "[CP] Check Pods Manifest.lock";
			outputFileListPaths = (
			);
			outputPaths = (
				"$(DERIVED_FILE_DIR)/Pods-Spotify-checkManifestLockResult.txt",
			);
			runOnlyForDeploymentPostprocessing = 0;
			shellPath = /bin/sh;
			shellScript = "diff \"${PODS_PODFILE_DIR_PATH}/Podfile.lock\" \"${PODS_ROOT}/Manifest.lock\" > /dev/null\nif [ $? != 0 ] ; then\n    # print error to STDERR\n    echo \"error: The sandbox is not in sync with the Podfile.lock. Run 'pod install' or update your CocoaPods installation.\" >&2\n    exit 1\nfi\n# This output is used by Xcode 'outputs' to avoid re-running this script phase.\necho \"SUCCESS\" > \"${SCRIPT_OUTPUT_FILE_0}\"\n";
			showEnvVarsInLog = 0;
		};
		66E8BD3A909AFE477C895891 /* [CP] Embed Pods Frameworks */ = {
			isa = PBXShellScriptBuildPhase;
			buildActionMask = 2147483647;
			files = (
			);
			inputFileListPaths = (
				"${PODS_ROOT}/Target Support Files/Pods-Spotify/Pods-Spotify-frameworks-${CONFIGURATION}-input-files.xcfilelist",
			);
			name = "[CP] Embed Pods Frameworks";
			outputFileListPaths = (
				"${PODS_ROOT}/Target Support Files/Pods-Spotify/Pods-Spotify-frameworks-${CONFIGURATION}-output-files.xcfilelist",
			);
			runOnlyForDeploymentPostprocessing = 0;
			shellPath = /bin/sh;
			shellScript = "\"${PODS_ROOT}/Target Support Files/Pods-Spotify/Pods-Spotify-frameworks.sh\"\n";
			showEnvVarsInLog = 0;
		};
/* End PBXShellScriptBuildPhase section */

/* Begin PBXSourcesBuildPhase section */
		96C1B17625DC110900810DA1 /* Sources */ = {
			isa = PBXSourcesBuildPhase;
			buildActionMask = 2147483647;
			files = (
				9699A00025DC1C67002D086A /* SearchViewController.swift in Sources */,
				96F754E325E8B6EA00C2E52D /* PlaylistDetailsResponse.swift in Sources */,
				9699A02925DC1F84002D086A /* Playlist.swift in Sources */,
				9699A02025DC1F0E002D086A /* AuthManager.swift in Sources */,
				9649DFAE25E77046002EF3AB /* RecommendedTrackCellViewModel.swift in Sources */,
				96211FF925EB95D600F2FF01 /* AlbumCollectionViewCellViewModel.swift in Sources */,
				960B9F8E25E60E2C00FFEF80 /* NewReleasesCellViewModel.swift in Sources */,
				9699A01D25DC1ED2002D086A /* SearchResultsViewController.swift in Sources */,
				96211FF325EB8FD400F2FF01 /* TitleHeaderCollectionReusableView.swift in Sources */,
				96F754DD25E8B06C00C2E52D /* AlbumViewController.swift in Sources */,
				96DCC64F25EA7D04006A5489 /* PlaylistHeaderViewViewModel.swift in Sources */,
				9649DFAB25E77013002EF3AB /* FeaturedPlaylistCellViewModel.swift in Sources */,
				96DAF03825E22FBF00E20D75 /* APIImage.swift in Sources */,
				9699A00E25DC1E5D002D086A /* WelcomeViewController.swift in Sources */,
				9699A01425DC1E73002D086A /* ProfileViewController.swift in Sources */,
				96999FFD25DC1BF3002D086A /* TabBarViewController.swift in Sources */,
				96C895B125E4D4680071A2E2 /* RecommendedTrackCollectionViewCell.swift in Sources */,
				9699A02625DC1F44002D086A /* HapticsManager.swift in Sources */,
				9647D1C425DE3B8800004710 /* AuthResponse.swift in Sources */,
				96DAF03525E22F3300E20D75 /* NewReleasesResponse.swift in Sources */,
				96211FF625EB94D500F2FF01 /* AlbumTrackCollectionViewCell.swift in Sources */,
				96B3824425E36391003BB993 /* RecommendationsResponse.swift in Sources */,
				9699A02C25DC1F8F002D086A /* AudioTrack.swift in Sources */,
				96C1B18225DC110900810DA1 /* HomeViewController.swift in Sources */,
				96C895AA25E4D42C0071A2E2 /* NewReleaseCollectionViewCell.swift in Sources */,
				9699A02325DC1F1E002D086A /* ApiManager.swift in Sources */,
				96C895AE25E4D44D0071A2E2 /* FeaturedPlaylistCollectionViewCell.swift in Sources */,
				9699A00B25DC1E57002D086A /* AuthViewController.swift in Sources */,
				9699A03225DC1F9D002D086A /* UserProfile.swift in Sources */,
				9603CB0925DCE2B800C327FB /* Extensions.swift in Sources */,
				96DCC64C25EA7A2A006A5489 /* PlaylistHeaderCollectionReusableView.swift in Sources */,
				96C1B17E25DC110900810DA1 /* AppDelegate.swift in Sources */,
				9699A02F25DC1F97002D086A /* Artist.swift in Sources */,
				969F4EC725DF8BCF009E7652 /* SettingsModels.swift in Sources */,
				9699A00425DC1CBA002D086A /* LibraryViewController.swift in Sources */,
				9699A01A25DC1EA5002D086A /* PlaylistViewController.swift in Sources */,
				96C1B18025DC110900810DA1 /* SceneDelegate.swift in Sources */,
				96F754E025E8B44800C2E52D /* AlbumDetailsResponse.swift in Sources */,
				9699A01725DC1E98002D086A /* PlayerViewController.swift in Sources */,
				96DAF03B25E2315700E20D75 /* FeaturedPlaylistsResponse.swift in Sources */,
				9699A01125DC1E6E002D086A /* SettingsViewController.swift in Sources */,
				96DAF03E25E234CF00E20D75 /* RecommendedGenresResponse.swift in Sources */,
			);
			runOnlyForDeploymentPostprocessing = 0;
		};
/* End PBXSourcesBuildPhase section */

/* Begin PBXVariantGroup section */
		96C1B18825DC110A00810DA1 /* LaunchScreen.storyboard */ = {
			isa = PBXVariantGroup;
			children = (
				96C1B18925DC110A00810DA1 /* Base */,
			);
			name = LaunchScreen.storyboard;
			sourceTree = "<group>";
		};
/* End PBXVariantGroup section */

/* Begin XCBuildConfiguration section */
		96C1B18C25DC110A00810DA1 /* Debug */ = {
			isa = XCBuildConfiguration;
			buildSettings = {
				ALWAYS_SEARCH_USER_PATHS = NO;
				CLANG_ANALYZER_NONNULL = YES;
				CLANG_ANALYZER_NUMBER_OBJECT_CONVERSION = YES_AGGRESSIVE;
				CLANG_CXX_LANGUAGE_STANDARD = "gnu++14";
				CLANG_CXX_LIBRARY = "libc++";
				CLANG_ENABLE_MODULES = YES;
				CLANG_ENABLE_OBJC_ARC = YES;
				CLANG_ENABLE_OBJC_WEAK = YES;
				CLANG_WARN_BLOCK_CAPTURE_AUTORELEASING = YES;
				CLANG_WARN_BOOL_CONVERSION = YES;
				CLANG_WARN_COMMA = YES;
				CLANG_WARN_CONSTANT_CONVERSION = YES;
				CLANG_WARN_DEPRECATED_OBJC_IMPLEMENTATIONS = YES;
				CLANG_WARN_DIRECT_OBJC_ISA_USAGE = YES_ERROR;
				CLANG_WARN_DOCUMENTATION_COMMENTS = YES;
				CLANG_WARN_EMPTY_BODY = YES;
				CLANG_WARN_ENUM_CONVERSION = YES;
				CLANG_WARN_INFINITE_RECURSION = YES;
				CLANG_WARN_INT_CONVERSION = YES;
				CLANG_WARN_NON_LITERAL_NULL_CONVERSION = YES;
				CLANG_WARN_OBJC_IMPLICIT_RETAIN_SELF = YES;
				CLANG_WARN_OBJC_LITERAL_CONVERSION = YES;
				CLANG_WARN_OBJC_ROOT_CLASS = YES_ERROR;
				CLANG_WARN_QUOTED_INCLUDE_IN_FRAMEWORK_HEADER = YES;
				CLANG_WARN_RANGE_LOOP_ANALYSIS = YES;
				CLANG_WARN_STRICT_PROTOTYPES = YES;
				CLANG_WARN_SUSPICIOUS_MOVE = YES;
				CLANG_WARN_UNGUARDED_AVAILABILITY = YES_AGGRESSIVE;
				CLANG_WARN_UNREACHABLE_CODE = YES;
				CLANG_WARN__DUPLICATE_METHOD_MATCH = YES;
				COPY_PHASE_STRIP = NO;
				DEBUG_INFORMATION_FORMAT = dwarf;
				ENABLE_STRICT_OBJC_MSGSEND = YES;
				ENABLE_TESTABILITY = YES;
				GCC_C_LANGUAGE_STANDARD = gnu11;
				GCC_DYNAMIC_NO_PIC = NO;
				GCC_NO_COMMON_BLOCKS = YES;
				GCC_OPTIMIZATION_LEVEL = 0;
				GCC_PREPROCESSOR_DEFINITIONS = (
					"DEBUG=1",
					"$(inherited)",
				);
				GCC_WARN_64_TO_32_BIT_CONVERSION = YES;
				GCC_WARN_ABOUT_RETURN_TYPE = YES_ERROR;
				GCC_WARN_UNDECLARED_SELECTOR = YES;
				GCC_WARN_UNINITIALIZED_AUTOS = YES_AGGRESSIVE;
				GCC_WARN_UNUSED_FUNCTION = YES;
				GCC_WARN_UNUSED_VARIABLE = YES;
				IPHONEOS_DEPLOYMENT_TARGET = 14.2;
				MTL_ENABLE_DEBUG_INFO = INCLUDE_SOURCE;
				MTL_FAST_MATH = YES;
				ONLY_ACTIVE_ARCH = YES;
				SDKROOT = iphoneos;
				SWIFT_ACTIVE_COMPILATION_CONDITIONS = DEBUG;
				SWIFT_OPTIMIZATION_LEVEL = "-Onone";
			};
			name = Debug;
		};
		96C1B18D25DC110A00810DA1 /* Release */ = {
			isa = XCBuildConfiguration;
			buildSettings = {
				ALWAYS_SEARCH_USER_PATHS = NO;
				CLANG_ANALYZER_NONNULL = YES;
				CLANG_ANALYZER_NUMBER_OBJECT_CONVERSION = YES_AGGRESSIVE;
				CLANG_CXX_LANGUAGE_STANDARD = "gnu++14";
				CLANG_CXX_LIBRARY = "libc++";
				CLANG_ENABLE_MODULES = YES;
				CLANG_ENABLE_OBJC_ARC = YES;
				CLANG_ENABLE_OBJC_WEAK = YES;
				CLANG_WARN_BLOCK_CAPTURE_AUTORELEASING = YES;
				CLANG_WARN_BOOL_CONVERSION = YES;
				CLANG_WARN_COMMA = YES;
				CLANG_WARN_CONSTANT_CONVERSION = YES;
				CLANG_WARN_DEPRECATED_OBJC_IMPLEMENTATIONS = YES;
				CLANG_WARN_DIRECT_OBJC_ISA_USAGE = YES_ERROR;
				CLANG_WARN_DOCUMENTATION_COMMENTS = YES;
				CLANG_WARN_EMPTY_BODY = YES;
				CLANG_WARN_ENUM_CONVERSION = YES;
				CLANG_WARN_INFINITE_RECURSION = YES;
				CLANG_WARN_INT_CONVERSION = YES;
				CLANG_WARN_NON_LITERAL_NULL_CONVERSION = YES;
				CLANG_WARN_OBJC_IMPLICIT_RETAIN_SELF = YES;
				CLANG_WARN_OBJC_LITERAL_CONVERSION = YES;
				CLANG_WARN_OBJC_ROOT_CLASS = YES_ERROR;
				CLANG_WARN_QUOTED_INCLUDE_IN_FRAMEWORK_HEADER = YES;
				CLANG_WARN_RANGE_LOOP_ANALYSIS = YES;
				CLANG_WARN_STRICT_PROTOTYPES = YES;
				CLANG_WARN_SUSPICIOUS_MOVE = YES;
				CLANG_WARN_UNGUARDED_AVAILABILITY = YES_AGGRESSIVE;
				CLANG_WARN_UNREACHABLE_CODE = YES;
				CLANG_WARN__DUPLICATE_METHOD_MATCH = YES;
				COPY_PHASE_STRIP = NO;
				DEBUG_INFORMATION_FORMAT = "dwarf-with-dsym";
				ENABLE_NS_ASSERTIONS = NO;
				ENABLE_STRICT_OBJC_MSGSEND = YES;
				GCC_C_LANGUAGE_STANDARD = gnu11;
				GCC_NO_COMMON_BLOCKS = YES;
				GCC_WARN_64_TO_32_BIT_CONVERSION = YES;
				GCC_WARN_ABOUT_RETURN_TYPE = YES_ERROR;
				GCC_WARN_UNDECLARED_SELECTOR = YES;
				GCC_WARN_UNINITIALIZED_AUTOS = YES_AGGRESSIVE;
				GCC_WARN_UNUSED_FUNCTION = YES;
				GCC_WARN_UNUSED_VARIABLE = YES;
				IPHONEOS_DEPLOYMENT_TARGET = 14.2;
				MTL_ENABLE_DEBUG_INFO = NO;
				MTL_FAST_MATH = YES;
				SDKROOT = iphoneos;
				SWIFT_COMPILATION_MODE = wholemodule;
				SWIFT_OPTIMIZATION_LEVEL = "-O";
				VALIDATE_PRODUCT = YES;
			};
			name = Release;
		};
		96C1B18F25DC110A00810DA1 /* Debug */ = {
			isa = XCBuildConfiguration;
			baseConfigurationReference = 048D40180C24F102BC3DB1F1 /* Pods-Spotify.debug.xcconfig */;
			buildSettings = {
				ASSETCATALOG_COMPILER_APPICON_NAME = AppIcon;
				ASSETCATALOG_COMPILER_GLOBAL_ACCENT_COLOR_NAME = AccentColor;
				CODE_SIGN_STYLE = Automatic;
				DEVELOPMENT_TEAM = NBL2DFM5E9;
				INFOPLIST_FILE = Spotify/Info.plist;
				LD_RUNPATH_SEARCH_PATHS = (
					"$(inherited)",
					"@executable_path/Frameworks",
				);
				PRODUCT_BUNDLE_IDENTIFIER = com.shivamrishi.Spotify;
				PRODUCT_NAME = "$(TARGET_NAME)";
				SWIFT_VERSION = 5.0;
				TARGETED_DEVICE_FAMILY = "1,2";
			};
			name = Debug;
		};
		96C1B19025DC110A00810DA1 /* Release */ = {
			isa = XCBuildConfiguration;
			baseConfigurationReference = 012A1C147901C6B4390AA632 /* Pods-Spotify.release.xcconfig */;
			buildSettings = {
				ASSETCATALOG_COMPILER_APPICON_NAME = AppIcon;
				ASSETCATALOG_COMPILER_GLOBAL_ACCENT_COLOR_NAME = AccentColor;
				CODE_SIGN_STYLE = Automatic;
				DEVELOPMENT_TEAM = NBL2DFM5E9;
				INFOPLIST_FILE = Spotify/Info.plist;
				LD_RUNPATH_SEARCH_PATHS = (
					"$(inherited)",
					"@executable_path/Frameworks",
				);
				PRODUCT_BUNDLE_IDENTIFIER = com.shivamrishi.Spotify;
				PRODUCT_NAME = "$(TARGET_NAME)";
				SWIFT_VERSION = 5.0;
				TARGETED_DEVICE_FAMILY = "1,2";
			};
			name = Release;
		};
/* End XCBuildConfiguration section */

/* Begin XCConfigurationList section */
		96C1B17525DC110900810DA1 /* Build configuration list for PBXProject "Spotify" */ = {
			isa = XCConfigurationList;
			buildConfigurations = (
				96C1B18C25DC110A00810DA1 /* Debug */,
				96C1B18D25DC110A00810DA1 /* Release */,
			);
			defaultConfigurationIsVisible = 0;
			defaultConfigurationName = Release;
		};
		96C1B18E25DC110A00810DA1 /* Build configuration list for PBXNativeTarget "Spotify" */ = {
			isa = XCConfigurationList;
			buildConfigurations = (
				96C1B18F25DC110A00810DA1 /* Debug */,
				96C1B19025DC110A00810DA1 /* Release */,
			);
			defaultConfigurationIsVisible = 0;
			defaultConfigurationName = Release;
		};
/* End XCConfigurationList section */
	};
	rootObject = 96C1B17225DC110900810DA1 /* Project object */;
}
